
Microsoft Visual Studio Solution File, Format Version 12.00
# Visual Studio Version 16
VisualStudioVersion = 16.0.32510.428
MinimumVisualStudioVersion = 10.0.40219.1
Project("{FAE04EC0-301F-11D3-BF4B-00C04F79EFBC}") = "WebApplication1", "WebApplication1\WebApplication1.csproj", "{9ED3F115-1303-4E1C-9A28-036BC8E59552}"
EndProject
Project("{FAE04EC0-301F-11D3-BF4B-00C04F79EFBC}") = "WebApplication2", "WebApplication2\WebApplication2.csproj", "{5DBD9BAE-0237-4F8F-9644-99F2AD546436}"
EndProject
Global
	GlobalSection(SolutionConfigurationPlatforms) = preSolution
		Debug|Any CPU = Debug|Any CPU
		Release|Any CPU = Release|Any CPU
	EndGlobalSection
	GlobalSection(ProjectConfigurationPlatforms) = postSolution
		{9ED3F115-1303-4E1C-9A28-036BC8E59552}.Debug|Any CPU.ActiveCfg = Debug|Any CPU
		{9ED3F115-1303-4E1C-9A28-036BC8E59552}.Debug|Any CPU.Build.0 = Debug|Any CPU
		{9ED3F115-1303-4E1C-9A28-036BC8E59552}.Release|Any CPU.ActiveCfg = Release|Any CPU
		{9ED3F115-1303-4E1C-9A28-036BC8E59552}.Release|Any CPU.Build.0 = Release|Any CPU
		{5DBD9BAE-0237-4F8F-9644-99F2AD546436}.Debug|Any CPU.ActiveCfg = Debug|Any CPU
		{5DBD9BAE-0237-4F8F-9644-99F2AD546436}.Debug|Any CPU.Build.0 = Debug|Any CPU
		{5DBD9BAE-0237-4F8F-9644-99F2AD546436}.Release|Any CPU.ActiveCfg = Release|Any CPU
		{5DBD9BAE-0237-4F8F-9644-99F2AD546436}.Release|Any CPU.Build.0 = Release|Any CPU
	EndGlobalSection
	GlobalSection(SolutionProperties) = preSolution
		HideSolutionNode = FALSE
	EndGlobalSection
	GlobalSection(ExtensibilityGlobals) = postSolution
		SolutionGuid = {70CA01AE-9120-44CD-9748-70D568357677}
	EndGlobalSection
EndGlobal
